{
  "name": "adversarial-review-gate",
  "version": "2.2.8",
  "lockfileVersion": 3,
  "requires": true,
  "packages": {
    "": {
      "name": "adversarial-review-gate",
      "version": "2.2.8",
      "license": "Apache-2.0",
      "bin": {
        "adversarial-review": "bin/adversarial-review.js",
        "adversarial-review-gate": "bin/adversarial-review.js"
      },
      "engines": {
        "node": ">=20"
      }
    }
  }
}
